# THIS IS AN AUTOGENERATED FILE. DO NOT EDIT THIS FILE DIRECTLY.
# yarn lockfile v1


classnames@^2.2.5:
  version "2.2.5"
  resolved "https://registry.yarnpkg.com/classnames/-/classnames-2.2.5.tgz#fb3801d453467649ef3603c7d61a02bd129bde6d"

css-vendor@^0.3.8:
  version "0.3.8"
  resolved "https://registry.yarnpkg.com/css-vendor/-/css-vendor-0.3.8.tgz#6421cfd3034ce664fe7673972fd0119fc28941fa"
  dependencies:
    is-in-browser "^1.0.2"

is-in-browser@^1.0.2:
  version "1.1.3"
  resolved "https://registry.yarnpkg.com/is-in-browser/-/is-in-browser-1.1.3.tgz#56ff4db683a078c6082eb95dad7dc62e1d04f835"

lodash@^4.17.4:
  version "4.17.5"
  resolved "https://registry.yarnpkg.com/lodash/-/lodash-4.17.5.tgz#99a92d65c0272debe8c96b6057bc8fbfa3bed511"

rockey-css-parse@^0.0.15-1:
  version "0.0.15-1-alpha.8d0e3505"
  resolved "https://registry.yarnpkg.com/rockey-css-parse/-/rockey-css-parse-0.0.15-1-alpha.8d0e3505.tgz#d34b243342cbe5ef9c9a01324c99592267046b7a"
  dependencies:
    lodash "^4.17.4"
